
Microsoft Visual Studio Solution File, Format Version 12.00
# Visual Studio Version 17
VisualStudioVersion = 17.11.35303.130
MinimumVisualStudioVersion = 10.0.40219.1
Project("{FAE04EC0-301F-11D3-BF4B-00C04F79EFBC}") = "Vegetarians Assistant - Be", "Vegetarians Assistant - Be.csproj", "{BCE9B51F-FB21-4959-B00F-A3C200E71AD2}"
EndProject
Global
	GlobalSection(SolutionConfigurationPlatforms) = preSolution
		Debug|Any CPU = Debug|Any CPU
		Release|Any CPU = Release|Any CPU
	EndGlobalSection
	GlobalSection(ProjectConfigurationPlatforms) = postSolution
		{BCE9B51F-FB21-4959-B00F-A3C200E71AD2}.Debug|Any CPU.ActiveCfg = Debug|Any CPU
		{BCE9B51F-FB21-4959-B00F-A3C200E71AD2}.Debug|Any CPU.Build.0 = Debug|Any CPU
		{BCE9B51F-FB21-4959-B00F-A3C200E71AD2}.Release|Any CPU.ActiveCfg = Release|Any CPU
		{BCE9B51F-FB21-4959-B00F-A3C200E71AD2}.Release|Any CPU.Build.0 = Release|Any CPU
	EndGlobalSection
	GlobalSection(SolutionProperties) = preSolution
		HideSolutionNode = FALSE
	EndGlobalSection
	GlobalSection(ExtensibilityGlobals) = postSolution
		SolutionGuid = {538847CE-94D7-472C-BAD0-5A6C782CD2C5}
	EndGlobalSection
EndGlobal
