
Microsoft Visual Studio Solution File, Format Version 12.00
# Visual Studio Version 17
VisualStudioVersion = 17.11.35303.130
MinimumVisualStudioVersion = 10.0.40219.1
Project("{FAE04EC0-301F-11D3-BF4B-00C04F79EFBC}") = "Vegetarians Assistant _ BE", "Vegetarians Assistant _ BE.csproj", "{0894DB27-EA52-496B-BA1C-0C36380AC280}"
EndProject
Global
	GlobalSection(SolutionConfigurationPlatforms) = preSolution
		Debug|Any CPU = Debug|Any CPU
		Release|Any CPU = Release|Any CPU
	EndGlobalSection
	GlobalSection(ProjectConfigurationPlatforms) = postSolution
		{0894DB27-EA52-496B-BA1C-0C36380AC280}.Debug|Any CPU.ActiveCfg = Debug|Any CPU
		{0894DB27-EA52-496B-BA1C-0C36380AC280}.Debug|Any CPU.Build.0 = Debug|Any CPU
		{0894DB27-EA52-496B-BA1C-0C36380AC280}.Release|Any CPU.ActiveCfg = Release|Any CPU
		{0894DB27-EA52-496B-BA1C-0C36380AC280}.Release|Any CPU.Build.0 = Release|Any CPU
	EndGlobalSection
	GlobalSection(SolutionProperties) = preSolution
		HideSolutionNode = FALSE
	EndGlobalSection
	GlobalSection(ExtensibilityGlobals) = postSolution
		SolutionGuid = {4CE94978-B239-4DE5-8B7A-CB9DD9E008A6}
	EndGlobalSection
EndGlobal
