
Microsoft Visual Studio Solution File, Format Version 12.00
# Visual Studio Version 17
VisualStudioVersion = 17.11.35312.102
MinimumVisualStudioVersion = 10.0.40219.1
Project("{FAE04EC0-301F-11D3-BF4B-00C04F79EFBC}") = "Vegetarians Assistant.API", "Vegetarians Assistant.API\Vegetarians Assistant.API.csproj", "{89D887BE-1EA0-45CD-80EA-D65C2F97CAF0}"
EndProject
Project("{FAE04EC0-301F-11D3-BF4B-00C04F79EFBC}") = "Vegetarians Assistant.Repo", "Vegetarians Assistant.Repo\Vegetarians Assistant.Repo.csproj", "{4CFE04D3-BBBF-46DA-B1FF-407E7FD2D56B}"
EndProject
Global
	GlobalSection(SolutionConfigurationPlatforms) = preSolution
		Debug|Any CPU = Debug|Any CPU
		Release|Any CPU = Release|Any CPU
	EndGlobalSection
	GlobalSection(ProjectConfigurationPlatforms) = postSolution
		{89D887BE-1EA0-45CD-80EA-D65C2F97CAF0}.Debug|Any CPU.ActiveCfg = Debug|Any CPU
		{89D887BE-1EA0-45CD-80EA-D65C2F97CAF0}.Debug|Any CPU.Build.0 = Debug|Any CPU
		{89D887BE-1EA0-45CD-80EA-D65C2F97CAF0}.Release|Any CPU.ActiveCfg = Release|Any CPU
		{89D887BE-1EA0-45CD-80EA-D65C2F97CAF0}.Release|Any CPU.Build.0 = Release|Any CPU
		{4CFE04D3-BBBF-46DA-B1FF-407E7FD2D56B}.Debug|Any CPU.ActiveCfg = Debug|Any CPU
		{4CFE04D3-BBBF-46DA-B1FF-407E7FD2D56B}.Debug|Any CPU.Build.0 = Debug|Any CPU
		{4CFE04D3-BBBF-46DA-B1FF-407E7FD2D56B}.Release|Any CPU.ActiveCfg = Release|Any CPU
		{4CFE04D3-BBBF-46DA-B1FF-407E7FD2D56B}.Release|Any CPU.Build.0 = Release|Any CPU
	EndGlobalSection
	GlobalSection(SolutionProperties) = preSolution
		HideSolutionNode = FALSE
	EndGlobalSection
	GlobalSection(ExtensibilityGlobals) = postSolution
		SolutionGuid = {6706C933-AE74-4626-97E5-0D3EA69E620D}
	EndGlobalSection
EndGlobal
