
Microsoft Visual Studio Solution File, Format Version 12.00
# Visual Studio Version 17
VisualStudioVersion = 17.11.35303.130
MinimumVisualStudioVersion = 10.0.40219.1
Project("{FAE04EC0-301F-11D3-BF4B-00C04F79EFBC}") = "Vegetarians Assistant_BE", "Vegetarians Assistant_BE.csproj", "{834FD831-CB5F-4791-BE25-6F74C2074B4B}"
EndProject
Global
	GlobalSection(SolutionConfigurationPlatforms) = preSolution
		Debug|Any CPU = Debug|Any CPU
		Release|Any CPU = Release|Any CPU
	EndGlobalSection
	GlobalSection(ProjectConfigurationPlatforms) = postSolution
		{834FD831-CB5F-4791-BE25-6F74C2074B4B}.Debug|Any CPU.ActiveCfg = Debug|Any CPU
		{834FD831-CB5F-4791-BE25-6F74C2074B4B}.Debug|Any CPU.Build.0 = Debug|Any CPU
		{834FD831-CB5F-4791-BE25-6F74C2074B4B}.Release|Any CPU.ActiveCfg = Release|Any CPU
		{834FD831-CB5F-4791-BE25-6F74C2074B4B}.Release|Any CPU.Build.0 = Release|Any CPU
	EndGlobalSection
	GlobalSection(SolutionProperties) = preSolution
		HideSolutionNode = FALSE
	EndGlobalSection
	GlobalSection(ExtensibilityGlobals) = postSolution
		SolutionGuid = {099861FF-7F41-4A85-86DA-C623193D80C8}
	EndGlobalSection
EndGlobal
